// !$*UTF8*$!
{
	archiveVersion = 1;
	classes = {
	};
	objectVersion = 51;
	objects = {

/* Begin PBXBuildFile section */
		02C4A52B2561CF8A00B30B3B /* GoogleService-Info.plist in Resources */ = {isa = PBXBuildFile; fileRef = 02C4A52A2561CF8A00B30B3B /* GoogleService-Info.plist */; };
		02C4A52F2561D04100B30B3B /* StoreMapView.swift in Sources */ = {isa = PBXBuildFile; fileRef = 02C4A52E2561D04100B30B3B /* StoreMapView.swift */; };
		02C4A5322561D0F700B30B3B /* DealTrackerView.swift in Sources */ = {isa = PBXBuildFile; fileRef = 02C4A5312561D0F700B30B3B /* DealTrackerView.swift */; };
		02C4A5362561F58200B30B3B /* LocationManager.swift in Sources */ = {isa = PBXBuildFile; fileRef = 02C4A5352561F58200B30B3B /* LocationManager.swift */; };
		02F2F8522564358400C3CB5C /* Deal.swift in Sources */ = {isa = PBXBuildFile; fileRef = 02F2F8512564358400C3CB5C /* Deal.swift */; };
		02F2F86E2567426200C3CB5C /* DealMakerView.swift in Sources */ = {isa = PBXBuildFile; fileRef = 02F2F86D2567426200C3CB5C /* DealMakerView.swift */; };
		02FC581725680B3600BD6A26 /* DealViewModel.swift in Sources */ = {isa = PBXBuildFile; fileRef = 02FC581625680B3600BD6A26 /* DealViewModel.swift */; };
		98060F5C2566C93D007A9B9A /* UserViewModel.swift in Sources */ = {isa = PBXBuildFile; fileRef = 98060F5B2566C93D007A9B9A /* UserViewModel.swift */; };
		98060F672566D314007A9B9A /* Users.swift in Sources */ = {isa = PBXBuildFile; fileRef = 98060F662566D314007A9B9A /* Users.swift */; };
		98060F84256B0A91007A9B9A /* SignInView.swift in Sources */ = {isa = PBXBuildFile; fileRef = 98060F83256B0A91007A9B9A /* SignInView.swift */; };
		9852B6FE255ED4DA00812D99 /* testModel.swift in Sources */ = {isa = PBXBuildFile; fileRef = 9852B6FD255ED4DA00812D99 /* testModel.swift */; };
		9852B701255ED4E400812D99 /* testController.swift in Sources */ = {isa = PBXBuildFile; fileRef = 9852B700255ED4E400812D99 /* testController.swift */; };
		98A19990255F070100746C70 /* AccountInformation.swift in Sources */ = {isa = PBXBuildFile; fileRef = 98A1998F255F070100746C70 /* AccountInformation.swift */; };
		98A199932561BCFE00746C70 /* Notifications.swift in Sources */ = {isa = PBXBuildFile; fileRef = 98A199922561BCFE00746C70 /* Notifications.swift */; };
		98E2775E2539C6450034B9F4 /* AppDelegate.swift in Sources */ = {isa = PBXBuildFile; fileRef = 98E2775D2539C6450034B9F4 /* AppDelegate.swift */; };
		98E277602539C6450034B9F4 /* SceneDelegate.swift in Sources */ = {isa = PBXBuildFile; fileRef = 98E2775F2539C6450034B9F4 /* SceneDelegate.swift */; };
		98E277622539C6450034B9F4 /* ContentView.swift in Sources */ = {isa = PBXBuildFile; fileRef = 98E277612539C6450034B9F4 /* ContentView.swift */; };
		98E277652539C6450034B9F4 /* FinalProject.xcdatamodeld in Sources */ = {isa = PBXBuildFile; fileRef = 98E277632539C6450034B9F4 /* FinalProject.xcdatamodeld */; };
		98E277672539C6470034B9F4 /* Assets.xcassets in Resources */ = {isa = PBXBuildFile; fileRef = 98E277662539C6470034B9F4 /* Assets.xcassets */; };
		98E2776A2539C6470034B9F4 /* Preview Assets.xcassets in Resources */ = {isa = PBXBuildFile; fileRef = 98E277692539C6470034B9F4 /* Preview Assets.xcassets */; };
		98E2776D2539C6470034B9F4 /* LaunchScreen.storyboard in Resources */ = {isa = PBXBuildFile; fileRef = 98E2776B2539C6470034B9F4 /* LaunchScreen.storyboard */; };
		98EE19922585C17A002C9871 /* AppLogo120.png in Resources */ = {isa = PBXBuildFile; fileRef = 98EE19912585C17A002C9871 /* AppLogo120.png */; };
		AC584C6BDDE28E4515107BD8 /* Pods_FinalProject.framework in Frameworks */ = {isa = PBXBuildFile; fileRef = 01778A096C2E022DAA54BFDE /* Pods_FinalProject.framework */; };
/* End PBXBuildFile section */

/* Begin PBXFileReference section */
		01778A096C2E022DAA54BFDE /* Pods_FinalProject.framework */ = {isa = PBXFileReference; explicitFileType = wrapper.framework; includeInIndex = 0; path = Pods_FinalProject.framework; sourceTree = BUILT_PRODUCTS_DIR; };
		02C4A52A2561CF8A00B30B3B /* GoogleService-Info.plist */ = {isa = PBXFileReference; fileEncoding = 4; lastKnownFileType = text.plist.xml; path = "GoogleService-Info.plist"; sourceTree = "<group>"; };
		02C4A52E2561D04100B30B3B /* StoreMapView.swift */ = {isa = PBXFileReference; lastKnownFileType = sourcecode.swift; path = StoreMapView.swift; sourceTree = "<group>"; };
		02C4A5312561D0F700B30B3B /* DealTrackerView.swift */ = {isa = PBXFileReference; lastKnownFileType = sourcecode.swift; path = DealTrackerView.swift; sourceTree = "<group>"; };
		02C4A5352561F58200B30B3B /* LocationManager.swift */ = {isa = PBXFileReference; fileEncoding = 4; lastKnownFileType = sourcecode.swift; path = LocationManager.swift; sourceTree = "<group>"; };
		02F2F8512564358400C3CB5C /* Deal.swift */ = {isa = PBXFileReference; lastKnownFileType = sourcecode.swift; path = Deal.swift; sourceTree = "<group>"; };
		02F2F86D2567426200C3CB5C /* DealMakerView.swift */ = {isa = PBXFileReference; lastKnownFileType = sourcecode.swift; path = DealMakerView.swift; sourceTree = "<group>"; };
		02FC581625680B3600BD6A26 /* DealViewModel.swift */ = {isa = PBXFileReference; fileEncoding = 4; lastKnownFileType = sourcecode.swift; path = DealViewModel.swift; sourceTree = "<group>"; };
		98060F5B2566C93D007A9B9A /* UserViewModel.swift */ = {isa = PBXFileReference; lastKnownFileType = sourcecode.swift; path = UserViewModel.swift; sourceTree = "<group>"; };
		98060F662566D314007A9B9A /* Users.swift */ = {isa = PBXFileReference; lastKnownFileType = sourcecode.swift; path = Users.swift; sourceTree = "<group>"; };
		98060F83256B0A91007A9B9A /* SignInView.swift */ = {isa = PBXFileReference; lastKnownFileType = sourcecode.swift; path = SignInView.swift; sourceTree = "<group>"; };
		9852B6FD255ED4DA00812D99 /* testModel.swift */ = {isa = PBXFileReference; fileEncoding = 4; lastKnownFileType = sourcecode.swift; path = testModel.swift; sourceTree = "<group>"; };
		9852B700255ED4E400812D99 /* testController.swift */ = {isa = PBXFileReference; fileEncoding = 4; lastKnownFileType = sourcecode.swift; path = testController.swift; sourceTree = "<group>"; };
		98A1998F255F070100746C70 /* AccountInformation.swift */ = {isa = PBXFileReference; lastKnownFileType = sourcecode.swift; path = AccountInformation.swift; sourceTree = "<group>"; };
		98A199922561BCFE00746C70 /* Notifications.swift */ = {isa = PBXFileReference; lastKnownFileType = sourcecode.swift; path = Notifications.swift; sourceTree = "<group>"; };
		98E2775A2539C6450034B9F4 /* FinalProject.app */ = {isa = PBXFileReference; explicitFileType = wrapper.application; includeInIndex = 0; path = FinalProject.app; sourceTree = BUILT_PRODUCTS_DIR; };
		98E2775D2539C6450034B9F4 /* AppDelegate.swift */ = {isa = PBXFileReference; lastKnownFileType = sourcecode.swift; path = AppDelegate.swift; sourceTree = "<group>"; };
		98E2775F2539C6450034B9F4 /* SceneDelegate.swift */ = {isa = PBXFileReference; lastKnownFileType = sourcecode.swift; path = SceneDelegate.swift; sourceTree = "<group>"; };
		98E277612539C6450034B9F4 /* ContentView.swift */ = {isa = PBXFileReference; lastKnownFileType = sourcecode.swift; path = ContentView.swift; sourceTree = "<group>"; };
		98E277642539C6450034B9F4 /* FinalProject.xcdatamodel */ = {isa = PBXFileReference; lastKnownFileType = wrapper.xcdatamodel; path = FinalProject.xcdatamodel; sourceTree = "<group>"; };
		98E277662539C6470034B9F4 /* Assets.xcassets */ = {isa = PBXFileReference; lastKnownFileType = folder.assetcatalog; path = Assets.xcassets; sourceTree = "<group>"; };
		98E277692539C6470034B9F4 /* Preview Assets.xcassets */ = {isa = PBXFileReference; lastKnownFileType = folder.assetcatalog; path = "Preview Assets.xcassets"; sourceTree = "<group>"; };
		98E2776C2539C6470034B9F4 /* Base */ = {isa = PBXFileReference; lastKnownFileType = file.storyboard; name = Base; path = Base.lproj/LaunchScreen.storyboard; sourceTree = "<group>"; };
		98E2776E2539C6470034B9F4 /* Info.plist */ = {isa = PBXFileReference; lastKnownFileType = text.plist.xml; path = Info.plist; sourceTree = "<group>"; };
		98EE19912585C17A002C9871 /* AppLogo120.png */ = {isa = PBXFileReference; lastKnownFileType = image.png; path = AppLogo120.png; sourceTree = "<group>"; };
		BBBFDB5E56044789111EF22A /* Pods-FinalProject.release.xcconfig */ = {isa = PBXFileReference; includeInIndex = 1; lastKnownFileType = text.xcconfig; name = "Pods-FinalProject.release.xcconfig"; path = "Target Support Files/Pods-FinalProject/Pods-FinalProject.release.xcconfig"; sourceTree = "<group>"; };
		DE329D2AC1072583813DA0A3 /* Pods-FinalProject.debug.xcconfig */ = {isa = PBXFileReference; includeInIndex = 1; lastKnownFileType = text.xcconfig; name = "Pods-FinalProject.debug.xcconfig"; path = "Target Support Files/Pods-FinalProject/Pods-FinalProject.debug.xcconfig"; sourceTree = "<group>"; };
/* End PBXFileReference section */

/* Begin PBXFrameworksBuildPhase section */
		98E277572539C6450034B9F4 /* Frameworks */ = {
			isa = PBXFrameworksBuildPhase;
			buildActionMask = 2147483647;
			files = (
				AC584C6BDDE28E4515107BD8 /* Pods_FinalProject.framework in Frameworks */,
			);
			runOnlyForDeploymentPostprocessing = 0;
		};
/* End PBXFrameworksBuildPhase section */

/* Begin PBXGroup section */
		0245A06F255ECEC800203D90 /* View */ = {
			isa = PBXGroup;
			children = (
				98E277612539C6450034B9F4 /* ContentView.swift */,
				98A1998F255F070100746C70 /* AccountInformation.swift */,
				98A199922561BCFE00746C70 /* Notifications.swift */,
				02C4A52E2561D04100B30B3B /* StoreMapView.swift */,
				02C4A5312561D0F700B30B3B /* DealTrackerView.swift */,
				02F2F86D2567426200C3CB5C /* DealMakerView.swift */,
				98060F83256B0A91007A9B9A /* SignInView.swift */,
			);
			path = View;
			sourceTree = "<group>";
		};
		02C4A5342561F55300B30B3B /* util */ = {
			isa = PBXGroup;
			children = (
				02C4A5352561F58200B30B3B /* LocationManager.swift */,
			);
			path = util;
			sourceTree = "<group>";
		};
		02FC57B82567FC8500BD6A26 /* Recovered References */ = {
			isa = PBXGroup;
			children = (
			);
			name = "Recovered References";
			sourceTree = "<group>";
		};
		11DAF1C5838822AFD8A36D97 /* Frameworks */ = {
			isa = PBXGroup;
			children = (
				01778A096C2E022DAA54BFDE /* Pods_FinalProject.framework */,
			);
			name = Frameworks;
			sourceTree = "<group>";
		};
		6F76E938976E879BC54307F4 /* Pods */ = {
			isa = PBXGroup;
			children = (
				DE329D2AC1072583813DA0A3 /* Pods-FinalProject.debug.xcconfig */,
				BBBFDB5E56044789111EF22A /* Pods-FinalProject.release.xcconfig */,
			);
			path = Pods;
			sourceTree = "<group>";
		};
		98060F5A2566C921007A9B9A /* view model */ = {
			isa = PBXGroup;
			children = (
				02FC581625680B3600BD6A26 /* DealViewModel.swift */,
				98060F5B2566C93D007A9B9A /* UserViewModel.swift */,
			);
			path = "view model";
			sourceTree = "<group>";
		};
		9852B6FB255ED4BD00812D99 /* Controller */ = {
			isa = PBXGroup;
			children = (
				9852B700255ED4E400812D99 /* testController.swift */,
			);
			path = Controller;
			sourceTree = "<group>";
		};
		9852B6FC255ED4C500812D99 /* Model */ = {
			isa = PBXGroup;
			children = (
				9852B6FD255ED4DA00812D99 /* testModel.swift */,
				02F2F8512564358400C3CB5C /* Deal.swift */,
				98060F662566D314007A9B9A /* Users.swift */,
			);
			path = Model;
			sourceTree = "<group>";
		};
		98E277512539C6450034B9F4 = {
			isa = PBXGroup;
			children = (
				98E2775C2539C6450034B9F4 /* FinalProject */,
				98E2775B2539C6450034B9F4 /* Products */,
				6F76E938976E879BC54307F4 /* Pods */,
				11DAF1C5838822AFD8A36D97 /* Frameworks */,
				02FC57B82567FC8500BD6A26 /* Recovered References */,
			);
			sourceTree = "<group>";
		};
		98E2775B2539C6450034B9F4 /* Products */ = {
			isa = PBXGroup;
			children = (
				98E2775A2539C6450034B9F4 /* FinalProject.app */,
			);
			name = Products;
			sourceTree = "<group>";
		};
		98E2775C2539C6450034B9F4 /* FinalProject */ = {
			isa = PBXGroup;
			children = (
				98060F5A2566C921007A9B9A /* view model */,
				9852B6FC255ED4C500812D99 /* Model */,
				9852B6FB255ED4BD00812D99 /* Controller */,
				0245A06F255ECEC800203D90 /* View */,
				02C4A5342561F55300B30B3B /* util */,
				98E2775D2539C6450034B9F4 /* AppDelegate.swift */,
				98E2775F2539C6450034B9F4 /* SceneDelegate.swift */,
				02C4A52A2561CF8A00B30B3B /* GoogleService-Info.plist */,
				98E277662539C6470034B9F4 /* Assets.xcassets */,
				98E2776B2539C6470034B9F4 /* LaunchScreen.storyboard */,
				98E2776E2539C6470034B9F4 /* Info.plist */,
				98EE19912585C17A002C9871 /* AppLogo120.png */,
				98E277632539C6450034B9F4 /* FinalProject.xcdatamodeld */,
				98E277682539C6470034B9F4 /* Preview Content */,
			);
			path = FinalProject;
			sourceTree = "<group>";
		};
		98E277682539C6470034B9F4 /* Preview Content */ = {
			isa = PBXGroup;
			children = (
				98E277692539C6470034B9F4 /* Preview Assets.xcassets */,
			);
			path = "Preview Content";
			sourceTree = "<group>";
		};
/* End PBXGroup section */

/* Begin PBXNativeTarget section */
		98E277592539C6450034B9F4 /* FinalProject */ = {
			isa = PBXNativeTarget;
			buildConfigurationList = 98E277712539C6470034B9F4 /* Build configuration list for PBXNativeTarget "FinalProject" */;
			buildPhases = (
				1428EA371AC2754CF2E1CC3D /* [CP] Check Pods Manifest.lock */,
				98E277562539C6450034B9F4 /* Sources */,
				98E277572539C6450034B9F4 /* Frameworks */,
				98E277582539C6450034B9F4 /* Resources */,
				97A62A88C28444F27FDBC4C2 /* [CP] Embed Pods Frameworks */,
			);
			buildRules = (
			);
			dependencies = (
			);
			name = FinalProject;
			productName = FinalProject;
			productReference = 98E2775A2539C6450034B9F4 /* FinalProject.app */;
			productType = "com.apple.product-type.application";
		};
/* End PBXNativeTarget section */

/* Begin PBXProject section */
		98E277522539C6450034B9F4 /* Project object */ = {
			isa = PBXProject;
			attributes = {
				LastSwiftUpdateCheck = 1200;
				LastUpgradeCheck = 1200;
				TargetAttributes = {
					98E277592539C6450034B9F4 = {
						CreatedOnToolsVersion = 12.0.1;
					};
				};
			};
			buildConfigurationList = 98E277552539C6450034B9F4 /* Build configuration list for PBXProject "FinalProject" */;
			compatibilityVersion = "Xcode 9.3";
			developmentRegion = en;
			hasScannedForEncodings = 0;
			knownRegions = (
				en,
				Base,
			);
			mainGroup = 98E277512539C6450034B9F4;
			productRefGroup = 98E2775B2539C6450034B9F4 /* Products */;
			projectDirPath = "";
			projectRoot = "";
			targets = (
				98E277592539C6450034B9F4 /* FinalProject */,
			);
		};
/* End PBXProject section */

/* Begin PBXResourcesBuildPhase section */
		98E277582539C6450034B9F4 /* Resources */ = {
			isa = PBXResourcesBuildPhase;
			buildActionMask = 2147483647;
			files = (
				98E2776D2539C6470034B9F4 /* LaunchScreen.storyboard in Resources */,
				02C4A52B2561CF8A00B30B3B /* GoogleService-Info.plist in Resources */,
				98E2776A2539C6470034B9F4 /* Preview Assets.xcassets in Resources */,
				98E277672539C6470034B9F4 /* Assets.xcassets in Resources */,
				98EE19922585C17A002C9871 /* AppLogo120.png in Resources */,
			);
			runOnlyForDeploymentPostprocessing = 0;
		};
/* End PBXResourcesBuildPhase section */

/* Begin PBXShellScriptBuildPhase section */
		1428EA371AC2754CF2E1CC3D /* [CP] Check Pods Manifest.lock */ = {
			isa = PBXShellScriptBuildPhase;
			buildActionMask = 2147483647;
			files = (
			);
			inputFileListPaths = (
			);
			inputPaths = (
				"${PODS_PODFILE_DIR_PATH}/Podfile.lock",
				"${PODS_ROOT}/Manifest.lock",
			);
			name = "[CP] Check Pods Manifest.lock";
			outputFileListPaths = (
			);
			outputPaths = (
				"$(DERIVED_FILE_DIR)/Pods-FinalProject-checkManifestLockResult.txt",
			);
			runOnlyForDeploymentPostprocessing = 0;
			shellPath = /bin/sh;
			shellScript = "diff \"${PODS_PODFILE_DIR_PATH}/Podfile.lock\" \"${PODS_ROOT}/Manifest.lock\" > /dev/null\nif [ $? != 0 ] ; then\n    # print error to STDERR\n    echo \"error: The sandbox is not in sync with the Podfile.lock. Run 'pod install' or update your CocoaPods installation.\" >&2\n    exit 1\nfi\n# This output is used by Xcode 'outputs' to avoid re-running this script phase.\necho \"SUCCESS\" > \"${SCRIPT_OUTPUT_FILE_0}\"\n";
			showEnvVarsInLog = 0;
		};
		97A62A88C28444F27FDBC4C2 /* [CP] Embed Pods Frameworks */ = {
			isa = PBXShellScriptBuildPhase;
			buildActionMask = 2147483647;
			files = (
			);
			inputFileListPaths = (
				"${PODS_ROOT}/Target Support Files/Pods-FinalProject/Pods-FinalProject-frameworks-${CONFIGURATION}-input-files.xcfilelist",
			);
			name = "[CP] Embed Pods Frameworks";
			outputFileListPaths = (
				"${PODS_ROOT}/Target Support Files/Pods-FinalProject/Pods-FinalProject-frameworks-${CONFIGURATION}-output-files.xcfilelist",
			);
			runOnlyForDeploymentPostprocessing = 0;
			shellPath = /bin/sh;
			shellScript = "\"${PODS_ROOT}/Target Support Files/Pods-FinalProject/Pods-FinalProject-frameworks.sh\"\n";
			showEnvVarsInLog = 0;
		};
/* End PBXShellScriptBuildPhase section */

/* Begin PBXSourcesBuildPhase section */
		98E277562539C6450034B9F4 /* Sources */ = {
			isa = PBXSourcesBuildPhase;
			buildActionMask = 2147483647;
			files = (
				98A199932561BCFE00746C70 /* Notifications.swift in Sources */,
				02FC581725680B3600BD6A26 /* DealViewModel.swift in Sources */,
				98060F5C2566C93D007A9B9A /* UserViewModel.swift in Sources */,
				9852B6FE255ED4DA00812D99 /* testModel.swift in Sources */,
				98A19990255F070100746C70 /* AccountInformation.swift in Sources */,
				02F2F8522564358400C3CB5C /* Deal.swift in Sources */,
				98060F84256B0A91007A9B9A /* SignInView.swift in Sources */,
				02C4A5362561F58200B30B3B /* LocationManager.swift in Sources */,
				02C4A5322561D0F700B30B3B /* DealTrackerView.swift in Sources */,
				02F2F86E2567426200C3CB5C /* DealMakerView.swift in Sources */,
				98060F672566D314007A9B9A /* Users.swift in Sources */,
				98E2775E2539C6450034B9F4 /* AppDelegate.swift in Sources */,
				98E277602539C6450034B9F4 /* SceneDelegate.swift in Sources */,
				9852B701255ED4E400812D99 /* testController.swift in Sources */,
				02C4A52F2561D04100B30B3B /* StoreMapView.swift in Sources */,
				98E277652539C6450034B9F4 /* FinalProject.xcdatamodeld in Sources */,
				98E277622539C6450034B9F4 /* ContentView.swift in Sources */,
			);
			runOnlyForDeploymentPostprocessing = 0;
		};
/* End PBXSourcesBuildPhase section */

/* Begin PBXVariantGroup section */
		98E2776B2539C6470034B9F4 /* LaunchScreen.storyboard */ = {
			isa = PBXVariantGroup;
			children = (
				98E2776C2539C6470034B9F4 /* Base */,
			);
			name = LaunchScreen.storyboard;
			sourceTree = "<group>";
		};
/* End PBXVariantGroup section */

/* Begin XCBuildConfiguration section */
		98E2776F2539C6470034B9F4 /* Debug */ = {
			isa = XCBuildConfiguration;
			buildSettings = {
				ALWAYS_SEARCH_USER_PATHS = NO;
				CLANG_ANALYZER_NONNULL = YES;
				CLANG_ANALYZER_NUMBER_OBJECT_CONVERSION = YES_AGGRESSIVE;
				CLANG_CXX_LANGUAGE_STANDARD = "gnu++14";
				CLANG_CXX_LIBRARY = "libc++";
				CLANG_ENABLE_MODULES = YES;
				CLANG_ENABLE_OBJC_ARC = YES;
				CLANG_ENABLE_OBJC_WEAK = YES;
				CLANG_WARN_BLOCK_CAPTURE_AUTORELEASING = YES;
				CLANG_WARN_BOOL_CONVERSION = YES;
				CLANG_WARN_COMMA = YES;
				CLANG_WARN_CONSTANT_CONVERSION = YES;
				CLANG_WARN_DEPRECATED_OBJC_IMPLEMENTATIONS = YES;
				CLANG_WARN_DIRECT_OBJC_ISA_USAGE = YES_ERROR;
				CLANG_WARN_DOCUMENTATION_COMMENTS = YES;
				CLANG_WARN_EMPTY_BODY = YES;
				CLANG_WARN_ENUM_CONVERSION = YES;
				CLANG_WARN_INFINITE_RECURSION = YES;
				CLANG_WARN_INT_CONVERSION = YES;
				CLANG_WARN_NON_LITERAL_NULL_CONVERSION = YES;
				CLANG_WARN_OBJC_IMPLICIT_RETAIN_SELF = YES;
				CLANG_WARN_OBJC_LITERAL_CONVERSION = YES;
				CLANG_WARN_OBJC_ROOT_CLASS = YES_ERROR;
				CLANG_WARN_QUOTED_INCLUDE_IN_FRAMEWORK_HEADER = YES;
				CLANG_WARN_RANGE_LOOP_ANALYSIS = YES;
				CLANG_WARN_STRICT_PROTOTYPES = YES;
				CLANG_WARN_SUSPICIOUS_MOVE = YES;
				CLANG_WARN_UNGUARDED_AVAILABILITY = YES_AGGRESSIVE;
				CLANG_WARN_UNREACHABLE_CODE = YES;
				CLANG_WARN__DUPLICATE_METHOD_MATCH = YES;
				COPY_PHASE_STRIP = NO;
				DEBUG_INFORMATION_FORMAT = dwarf;
				ENABLE_STRICT_OBJC_MSGSEND = YES;
				ENABLE_TESTABILITY = YES;
				GCC_C_LANGUAGE_STANDARD = gnu11;
				GCC_DYNAMIC_NO_PIC = NO;
				GCC_NO_COMMON_BLOCKS = YES;
				GCC_OPTIMIZATION_LEVEL = 0;
				GCC_PREPROCESSOR_DEFINITIONS = (
					"DEBUG=1",
					"$(inherited)",
				);
				GCC_WARN_64_TO_32_BIT_CONVERSION = YES;
				GCC_WARN_ABOUT_RETURN_TYPE = YES_ERROR;
				GCC_WARN_UNDECLARED_SELECTOR = YES;
				GCC_WARN_UNINITIALIZED_AUTOS = YES_AGGRESSIVE;
				GCC_WARN_UNUSED_FUNCTION = YES;
				GCC_WARN_UNUSED_VARIABLE = YES;
				IPHONEOS_DEPLOYMENT_TARGET = 14.0;
				MTL_ENABLE_DEBUG_INFO = INCLUDE_SOURCE;
				MTL_FAST_MATH = YES;
				ONLY_ACTIVE_ARCH = YES;
				SDKROOT = iphoneos;
				SWIFT_ACTIVE_COMPILATION_CONDITIONS = DEBUG;
				SWIFT_OPTIMIZATION_LEVEL = "-Onone";
			};
			name = Debug;
		};
		98E277702539C6470034B9F4 /* Release */ = {
			isa = XCBuildConfiguration;
			buildSettings = {
				ALWAYS_SEARCH_USER_PATHS = NO;
				CLANG_ANALYZER_NONNULL = YES;
				CLANG_ANALYZER_NUMBER_OBJECT_CONVERSION = YES_AGGRESSIVE;
				CLANG_CXX_LANGUAGE_STANDARD = "gnu++14";
				CLANG_CXX_LIBRARY = "libc++";
				CLANG_ENABLE_MODULES = YES;
				CLANG_ENABLE_OBJC_ARC = YES;
				CLANG_ENABLE_OBJC_WEAK = YES;
				CLANG_WARN_BLOCK_CAPTURE_AUTORELEASING = YES;
				CLANG_WARN_BOOL_CONVERSION = YES;
				CLANG_WARN_COMMA = YES;
				CLANG_WARN_CONSTANT_CONVERSION = YES;
				CLANG_WARN_DEPRECATED_OBJC_IMPLEMENTATIONS = YES;
				CLANG_WARN_DIRECT_OBJC_ISA_USAGE = YES_ERROR;
				CLANG_WARN_DOCUMENTATION_COMMENTS = YES;
				CLANG_WARN_EMPTY_BODY = YES;
				CLANG_WARN_ENUM_CONVERSION = YES;
				CLANG_WARN_INFINITE_RECURSION = YES;
				CLANG_WARN_INT_CONVERSION = YES;
				CLANG_WARN_NON_LITERAL_NULL_CONVERSION = YES;
				CLANG_WARN_OBJC_IMPLICIT_RETAIN_SELF = YES;
				CLANG_WARN_OBJC_LITERAL_CONVERSION = YES;
				CLANG_WARN_OBJC_ROOT_CLASS = YES_ERROR;
				CLANG_WARN_QUOTED_INCLUDE_IN_FRAMEWORK_HEADER = YES;
				CLANG_WARN_RANGE_LOOP_ANALYSIS = YES;
				CLANG_WARN_STRICT_PROTOTYPES = YES;
				CLANG_WARN_SUSPICIOUS_MOVE = YES;
				CLANG_WARN_UNGUARDED_AVAILABILITY = YES_AGGRESSIVE;
				CLANG_WARN_UNREACHABLE_CODE = YES;
				CLANG_WARN__DUPLICATE_METHOD_MATCH = YES;
				COPY_PHASE_STRIP = NO;
				DEBUG_INFORMATION_FORMAT = "dwarf-with-dsym";
				ENABLE_NS_ASSERTIONS = NO;
				ENABLE_STRICT_OBJC_MSGSEND = YES;
				GCC_C_LANGUAGE_STANDARD = gnu11;
				GCC_NO_COMMON_BLOCKS = YES;
				GCC_WARN_64_TO_32_BIT_CONVERSION = YES;
				GCC_WARN_ABOUT_RETURN_TYPE = YES_ERROR;
				GCC_WARN_UNDECLARED_SELECTOR = YES;
				GCC_WARN_UNINITIALIZED_AUTOS = YES_AGGRESSIVE;
				GCC_WARN_UNUSED_FUNCTION = YES;
				GCC_WARN_UNUSED_VARIABLE = YES;
				IPHONEOS_DEPLOYMENT_TARGET = 14.0;
				MTL_ENABLE_DEBUG_INFO = NO;
				MTL_FAST_MATH = YES;
				SDKROOT = iphoneos;
				SWIFT_COMPILATION_MODE = wholemodule;
				SWIFT_OPTIMIZATION_LEVEL = "-O";
				VALIDATE_PRODUCT = YES;
			};
			name = Release;
		};
		98E277722539C6470034B9F4 /* Debug */ = {
			isa = XCBuildConfiguration;
			baseConfigurationReference = DE329D2AC1072583813DA0A3 /* Pods-FinalProject.debug.xcconfig */;
			buildSettings = {
				ASSETCATALOG_COMPILER_APPICON_NAME = AppIcon;
				ASSETCATALOG_COMPILER_GLOBAL_ACCENT_COLOR_NAME = AccentColor;
				CODE_SIGN_STYLE = Automatic;
				DEVELOPMENT_ASSET_PATHS = "\"FinalProject/Preview Content\"";
				DEVELOPMENT_TEAM = 67AMMDN2W7;
				ENABLE_PREVIEWS = YES;
				INFOPLIST_FILE = FinalProject/Info.plist;
				LD_RUNPATH_SEARCH_PATHS = (
					"$(inherited)",
					"@executable_path/Frameworks",
				);
				PRODUCT_BUNDLE_IDENTIFIER = com.kiranjotassi.FinalProject;
				PRODUCT_NAME = "$(TARGET_NAME)";
				SWIFT_VERSION = 5.0;
				TARGETED_DEVICE_FAMILY = "1,2";
			};
			name = Debug;
		};
		98E277732539C6470034B9F4 /* Release */ = {
			isa = XCBuildConfiguration;
			baseConfigurationReference = BBBFDB5E56044789111EF22A /* Pods-FinalProject.release.xcconfig */;
			buildSettings = {
				ASSETCATALOG_COMPILER_APPICON_NAME = AppIcon;
				ASSETCATALOG_COMPILER_GLOBAL_ACCENT_COLOR_NAME = AccentColor;
				CODE_SIGN_STYLE = Automatic;
				DEVELOPMENT_ASSET_PATHS = "\"FinalProject/Preview Content\"";
				DEVELOPMENT_TEAM = 67AMMDN2W7;
				ENABLE_PREVIEWS = YES;
				INFOPLIST_FILE = FinalProject/Info.plist;
				LD_RUNPATH_SEARCH_PATHS = (
					"$(inherited)",
					"@executable_path/Frameworks",
				);
				PRODUCT_BUNDLE_IDENTIFIER = com.kiranjotassi.FinalProject;
				PRODUCT_NAME = "$(TARGET_NAME)";
				SWIFT_VERSION = 5.0;
				TARGETED_DEVICE_FAMILY = "1,2";
			};
			name = Release;
		};
/* End XCBuildConfiguration section */

/* Begin XCConfigurationList section */
		98E277552539C6450034B9F4 /* Build configuration list for PBXProject "FinalProject" */ = {
			isa = XCConfigurationList;
			buildConfigurations = (
				98E2776F2539C6470034B9F4 /* Debug */,
				98E277702539C6470034B9F4 /* Release */,
			);
			defaultConfigurationIsVisible = 0;
			defaultConfigurationName = Release;
		};
		98E277712539C6470034B9F4 /* Build configuration list for PBXNativeTarget "FinalProject" */ = {
			isa = XCConfigurationList;
			buildConfigurations = (
				98E277722539C6470034B9F4 /* Debug */,
				98E277732539C6470034B9F4 /* Release */,
			);
			defaultConfigurationIsVisible = 0;
			defaultConfigurationName = Release;
		};
/* End XCConfigurationList section */

/* Begin XCVersionGroup section */
		98E277632539C6450034B9F4 /* FinalProject.xcdatamodeld */ = {
			isa = XCVersionGroup;
			children = (
				98E277642539C6450034B9F4 /* FinalProject.xcdatamodel */,
			);
			currentVersion = 98E277642539C6450034B9F4 /* FinalProject.xcdatamodel */;
			path = FinalProject.xcdatamodeld;
			sourceTree = "<group>";
			versionGroupType = wrapper.xcdatamodel;
		};
/* End XCVersionGroup section */
	};
	rootObject = 98E277522539C6450034B9F4 /* Project object */;
}
